
Microsoft Visual Studio Solution File, Format Version 12.00
# Visual Studio Version 17
VisualStudioVersion = 17.13.35825.156 d17.13
MinimumVisualStudioVersion = 10.0.40219.1
Project("{FAE04EC0-301F-11D3-BF4B-00C04F79EFBC}") = "StringOperations", "StringOperations.csproj", "{4ACDCFE3-5DED-4865-B78A-57D98F189731}"
EndProject
Global
	GlobalSection(SolutionConfigurationPlatforms) = preSolution
		Debug|Any CPU = Debug|Any CPU
		Release|Any CPU = Release|Any CPU
	EndGlobalSection
	GlobalSection(ProjectConfigurationPlatforms) = postSolution
		{4ACDCFE3-5DED-4865-B78A-57D98F189731}.Debug|Any CPU.ActiveCfg = Debug|Any CPU
		{4ACDCFE3-5DED-4865-B78A-57D98F189731}.Debug|Any CPU.Build.0 = Debug|Any CPU
		{4ACDCFE3-5DED-4865-B78A-57D98F189731}.Release|Any CPU.ActiveCfg = Release|Any CPU
		{4ACDCFE3-5DED-4865-B78A-57D98F189731}.Release|Any CPU.Build.0 = Release|Any CPU
	EndGlobalSection
	GlobalSection(SolutionProperties) = preSolution
		HideSolutionNode = FALSE
	EndGlobalSection
	GlobalSection(ExtensibilityGlobals) = postSolution
		SolutionGuid = {DF9C6196-E1DC-4AE3-9C69-03129901A733}
	EndGlobalSection
EndGlobal
